
Microsoft Visual Studio Solution File, Format Version 12.00
# Visual Studio Version 17
VisualStudioVersion = 17.4.33205.214
MinimumVisualStudioVersion = 10.0.40219.1
Project("{9A19103F-16F7-4668-BE54-9A1E7A4F7556}") = "LightController", "LightsController\LightController.csproj", "{3B76D614-A38C-462D-B0B4-7A5A46E0A283}"
EndProject
Global
	GlobalSection(SolutionConfigurationPlatforms) = preSolution
		Debug|Any CPU = Debug|Any CPU
		Release|Any CPU = Release|Any CPU
	EndGlobalSection
	GlobalSection(ProjectConfigurationPlatforms) = postSolution
		{3B76D614-A38C-462D-B0B4-7A5A46E0A283}.Debug|Any CPU.ActiveCfg = Debug|Any CPU
		{3B76D614-A38C-462D-B0B4-7A5A46E0A283}.Debug|Any CPU.Build.0 = Debug|Any CPU
		{3B76D614-A38C-462D-B0B4-7A5A46E0A283}.Release|Any CPU.ActiveCfg = Release|Any CPU
		{3B76D614-A38C-462D-B0B4-7A5A46E0A283}.Release|Any CPU.Build.0 = Release|Any CPU
	EndGlobalSection
	GlobalSection(SolutionProperties) = preSolution
		HideSolutionNode = FALSE
	EndGlobalSection
	GlobalSection(ExtensibilityGlobals) = postSolution
		SolutionGuid = {3ED7743E-62B1-4E11-823F-5BFF2EE05A91}
	EndGlobalSection
EndGlobal
